
Microsoft Visual Studio Solution File, Format Version 12.00
# Visual Studio Version 17
VisualStudioVersion = 17.11.35327.3
MinimumVisualStudioVersion = 10.0.40219.1
Project("{9A19103F-16F7-4668-BE54-9A1E7A4F7556}") = "acTest2", "acTest2\acTest2.csproj", "{2C8F624D-7654-4E7B-A09A-0CAFC0E21884}"
EndProject
Global
	GlobalSection(SolutionConfigurationPlatforms) = preSolution
		Debug|Any CPU = Debug|Any CPU
		Release|Any CPU = Release|Any CPU
	EndGlobalSection
	GlobalSection(ProjectConfigurationPlatforms) = postSolution
		{2C8F624D-7654-4E7B-A09A-0CAFC0E21884}.Debug|Any CPU.ActiveCfg = Debug|Any CPU
		{2C8F624D-7654-4E7B-A09A-0CAFC0E21884}.Debug|Any CPU.Build.0 = Debug|Any CPU
		{2C8F624D-7654-4E7B-A09A-0CAFC0E21884}.Release|Any CPU.ActiveCfg = Release|Any CPU
		{2C8F624D-7654-4E7B-A09A-0CAFC0E21884}.Release|Any CPU.Build.0 = Release|Any CPU
	EndGlobalSection
	GlobalSection(SolutionProperties) = preSolution
		HideSolutionNode = FALSE
	EndGlobalSection
	GlobalSection(ExtensibilityGlobals) = postSolution
		SolutionGuid = {574DC7C3-C267-4D65-9594-62666A166F97}
	EndGlobalSection
EndGlobal
